
Microsoft Visual Studio Solution File, Format Version 12.00
# Visual Studio Version 16
VisualStudioVersion = 16.0.32602.291
MinimumVisualStudioVersion = 10.0.40219.1
Project("{8BC9CEB8-8B4A-11D0-8D11-00A0C91BC942}") = "test_12_9", "test_12_9.vcxproj", "{EC068731-A28F-4DA8-96B4-D993CFD76228}"
EndProject
Global
	GlobalSection(SolutionConfigurationPlatforms) = preSolution
		Debug|x64 = Debug|x64
		Debug|x86 = Debug|x86
		Release|x64 = Release|x64
		Release|x86 = Release|x86
	EndGlobalSection
	GlobalSection(ProjectConfigurationPlatforms) = postSolution
		{EC068731-A28F-4DA8-96B4-D993CFD76228}.Debug|x64.ActiveCfg = Debug|x64
		{EC068731-A28F-4DA8-96B4-D993CFD76228}.Debug|x64.Build.0 = Debug|x64
		{EC068731-A28F-4DA8-96B4-D993CFD76228}.Debug|x86.ActiveCfg = Debug|Win32
		{EC068731-A28F-4DA8-96B4-D993CFD76228}.Debug|x86.Build.0 = Debug|Win32
		{EC068731-A28F-4DA8-96B4-D993CFD76228}.Release|x64.ActiveCfg = Release|x64
		{EC068731-A28F-4DA8-96B4-D993CFD76228}.Release|x64.Build.0 = Release|x64
		{EC068731-A28F-4DA8-96B4-D993CFD76228}.Release|x86.ActiveCfg = Release|Win32
		{EC068731-A28F-4DA8-96B4-D993CFD76228}.Release|x86.Build.0 = Release|Win32
	EndGlobalSection
	GlobalSection(SolutionProperties) = preSolution
		HideSolutionNode = FALSE
	EndGlobalSection
	GlobalSection(ExtensibilityGlobals) = postSolution
		SolutionGuid = {287CADC7-BBF8-4E67-913E-0C27ADB5001E}
	EndGlobalSection
EndGlobal
