
Microsoft Visual Studio Solution File, Format Version 12.00
# Visual Studio Version 16
VisualStudioVersion = 16.0.32602.291
MinimumVisualStudioVersion = 10.0.40219.1
Project("{8BC9CEB8-8B4A-11D0-8D11-00A0C91BC942}") = "test_1_5_1", "test_1_5_1.vcxproj", "{4649AA79-09CE-4A3E-B82A-EBFB04908DEF}"
EndProject
Global
	GlobalSection(SolutionConfigurationPlatforms) = preSolution
		Debug|x64 = Debug|x64
		Debug|x86 = Debug|x86
		Release|x64 = Release|x64
		Release|x86 = Release|x86
	EndGlobalSection
	GlobalSection(ProjectConfigurationPlatforms) = postSolution
		{4649AA79-09CE-4A3E-B82A-EBFB04908DEF}.Debug|x64.ActiveCfg = Debug|x64
		{4649AA79-09CE-4A3E-B82A-EBFB04908DEF}.Debug|x64.Build.0 = Debug|x64
		{4649AA79-09CE-4A3E-B82A-EBFB04908DEF}.Debug|x86.ActiveCfg = Debug|Win32
		{4649AA79-09CE-4A3E-B82A-EBFB04908DEF}.Debug|x86.Build.0 = Debug|Win32
		{4649AA79-09CE-4A3E-B82A-EBFB04908DEF}.Release|x64.ActiveCfg = Release|x64
		{4649AA79-09CE-4A3E-B82A-EBFB04908DEF}.Release|x64.Build.0 = Release|x64
		{4649AA79-09CE-4A3E-B82A-EBFB04908DEF}.Release|x86.ActiveCfg = Release|Win32
		{4649AA79-09CE-4A3E-B82A-EBFB04908DEF}.Release|x86.Build.0 = Release|Win32
	EndGlobalSection
	GlobalSection(SolutionProperties) = preSolution
		HideSolutionNode = FALSE
	EndGlobalSection
	GlobalSection(ExtensibilityGlobals) = postSolution
		SolutionGuid = {47D8196F-8526-4609-B4F7-3396837475F9}
	EndGlobalSection
EndGlobal
